
Microsoft Visual Studio Solution File, Format Version 12.00
# Visual Studio Version 16
VisualStudioVersion = 16.0.30907.101
MinimumVisualStudioVersion = 10.0.40219.1
Project("{FAE04EC0-301F-11D3-BF4B-00C04F79EFBC}") = "3dboxes", "3dboxes\3dboxes.csproj", "{DC3CE906-F20B-4CCC-951B-78B42F52EA5D}"
EndProject
Global
	GlobalSection(SolutionConfigurationPlatforms) = preSolution
		Debug|Any CPU = Debug|Any CPU
		Release|Any CPU = Release|Any CPU
	EndGlobalSection
	GlobalSection(ProjectConfigurationPlatforms) = postSolution
		{DC3CE906-F20B-4CCC-951B-78B42F52EA5D}.Debug|Any CPU.ActiveCfg = Debug|Any CPU
		{DC3CE906-F20B-4CCC-951B-78B42F52EA5D}.Debug|Any CPU.Build.0 = Debug|Any CPU
		{DC3CE906-F20B-4CCC-951B-78B42F52EA5D}.Release|Any CPU.ActiveCfg = Release|Any CPU
		{DC3CE906-F20B-4CCC-951B-78B42F52EA5D}.Release|Any CPU.Build.0 = Release|Any CPU
	EndGlobalSection
	GlobalSection(SolutionProperties) = preSolution
		HideSolutionNode = FALSE
	EndGlobalSection
	GlobalSection(ExtensibilityGlobals) = postSolution
		SolutionGuid = {39B7AFCD-1B64-41B4-B5B5-6CFCE63D5306}
	EndGlobalSection
EndGlobal
